
Microsoft Visual Studio Solution File, Format Version 12.00
# Visual Studio Version 16
VisualStudioVersion = 16.0.30621.155
MinimumVisualStudioVersion = 10.0.40219.1
Project("{FAE04EC0-301F-11D3-BF4B-00C04F79EFBC}") = "ExpenseIt", "ExpenseIt\ExpenseIt.csproj", "{1D1EF3B7-9E56-4C7D-8D5F-762478220481}"
EndProject
Global
	GlobalSection(SolutionConfigurationPlatforms) = preSolution
		Debug|Any CPU = Debug|Any CPU
		Release|Any CPU = Release|Any CPU
	EndGlobalSection
	GlobalSection(ProjectConfigurationPlatforms) = postSolution
		{1D1EF3B7-9E56-4C7D-8D5F-762478220481}.Debug|Any CPU.ActiveCfg = Debug|Any CPU
		{1D1EF3B7-9E56-4C7D-8D5F-762478220481}.Debug|Any CPU.Build.0 = Debug|Any CPU
		{1D1EF3B7-9E56-4C7D-8D5F-762478220481}.Release|Any CPU.ActiveCfg = Release|Any CPU
		{1D1EF3B7-9E56-4C7D-8D5F-762478220481}.Release|Any CPU.Build.0 = Release|Any CPU
	EndGlobalSection
	GlobalSection(SolutionProperties) = preSolution
		HideSolutionNode = FALSE
	EndGlobalSection
	GlobalSection(ExtensibilityGlobals) = postSolution
		SolutionGuid = {4349C88C-3B1B-4CD9-8C2A-CAC7FD0445C1}
	EndGlobalSection
EndGlobal
